
Microsoft Visual Studio Solution File, Format Version 12.00
# Visual Studio Version 17
VisualStudioVersion = 17.11.35327.3
MinimumVisualStudioVersion = 10.0.40219.1
Project("{FAE04EC0-301F-11D3-BF4B-00C04F79EFBC}") = "301326117(Serrano)_Lab4Part2", "301326117(Serrano)_Lab4Part2\301326117(Serrano)_Lab4Part2.csproj", "{FF340795-95D2-4D13-A7A1-424C26024EA3}"
EndProject
Global
	GlobalSection(SolutionConfigurationPlatforms) = preSolution
		Debug|Any CPU = Debug|Any CPU
		Release|Any CPU = Release|Any CPU
	EndGlobalSection
	GlobalSection(ProjectConfigurationPlatforms) = postSolution
		{FF340795-95D2-4D13-A7A1-424C26024EA3}.Debug|Any CPU.ActiveCfg = Debug|Any CPU
		{FF340795-95D2-4D13-A7A1-424C26024EA3}.Debug|Any CPU.Build.0 = Debug|Any CPU
		{FF340795-95D2-4D13-A7A1-424C26024EA3}.Release|Any CPU.ActiveCfg = Release|Any CPU
		{FF340795-95D2-4D13-A7A1-424C26024EA3}.Release|Any CPU.Build.0 = Release|Any CPU
	EndGlobalSection
	GlobalSection(SolutionProperties) = preSolution
		HideSolutionNode = FALSE
	EndGlobalSection
	GlobalSection(ExtensibilityGlobals) = postSolution
		SolutionGuid = {76E86CF0-098C-4DD2-AC47-932A9B525669}
	EndGlobalSection
EndGlobal
